Microsoft Visual Studio Solution File, Format Version 12.00
# Visual Studio Version 17
VisualStudioVersion = 17.5.2.0
MinimumVisualStudioVersion = 10.0.40219.1
Project("{2150E333-8FDC-42A3-9474-1A3956D46DE8}") = "aspire", "aspire", "{64880D93-BAB4-FF83-898C-B934B68C31A9}"
EndProject
Project("{FAE04EC0-301F-11D3-BF4B-00C04F79EFBC}") = "AppHost", "aspire\AppHost\AppHost.csproj", "{3096C2E0-7633-D153-E271-B7CC35AF4AF2}"
EndProject
Global
	GlobalSection(SolutionConfigurationPlatforms) = preSolution
		Debug|Any CPU = Debug|Any CPU
		Release|Any CPU = Release|Any CPU
	EndGlobalSection
	GlobalSection(ProjectConfigurationPlatforms) = postSolution
		{3096C2E0-7633-D153-E271-B7CC35AF4AF2}.Debug|Any CPU.ActiveCfg = Debug|Any CPU
		{3096C2E0-7633-D153-E271-B7CC35AF4AF2}.Debug|Any CPU.Build.0 = Debug|Any CPU
		{3096C2E0-7633-D153-E271-B7CC35AF4AF2}.Release|Any CPU.ActiveCfg = Release|Any CPU
		{3096C2E0-7633-D153-E271-B7CC35AF4AF2}.Release|Any CPU.Build.0 = Release|Any CPU
	EndGlobalSection
	GlobalSection(SolutionProperties) = preSolution
		HideSolutionNode = FALSE
	EndGlobalSection
	GlobalSection(NestedProjects) = preSolution
		{3096C2E0-7633-D153-E271-B7CC35AF4AF2} = {64880D93-BAB4-FF83-898C-B934B68C31A9}
	EndGlobalSection
	GlobalSection(ExtensibilityGlobals) = postSolution
		SolutionGuid = {DBFFE7A2-FE2A-448B-85B5-11B8FF3BFB41}
	EndGlobalSection
EndGlobal
